// !$*UTF8*$!
{
	archiveVersion = 1;
	classes = {
	};
	objectVersion = 50;
	objects = {

/* Begin PBXBuildFile section */
		390DC4D5254AA45D00491EB6 /* AppDelegate.swift in Sources */ = {isa = PBXBuildFile; fileRef = 390DC4D4254AA45D00491EB6 /* AppDelegate.swift */; };
		390DC4D7254AA45D00491EB6 /* SceneDelegate.swift in Sources */ = {isa = PBXBuildFile; fileRef = 390DC4D6254AA45D00491EB6 /* SceneDelegate.swift */; };
		390DC4D9254AA45D00491EB6 /* ViewController.swift in Sources */ = {isa = PBXBuildFile; fileRef = 390DC4D8254AA45D00491EB6 /* ViewController.swift */; };
		390DC4DC254AA45D00491EB6 /* Main.storyboard in Resources */ = {isa = PBXBuildFile; fileRef = 390DC4DA254AA45D00491EB6 /* Main.storyboard */; };
		390DC4DE254AA45F00491EB6 /* Assets.xcassets in Resources */ = {isa = PBXBuildFile; fileRef = 390DC4DD254AA45F00491EB6 /* Assets.xcassets */; };
		390DC4E1254AA45F00491EB6 /* LaunchScreen.storyboard in Resources */ = {isa = PBXBuildFile; fileRef = 390DC4DF254AA45F00491EB6 /* LaunchScreen.storyboard */; };
/* End PBXBuildFile section */

/* Begin PBXFileReference section */
		390DC4D1254AA45D00491EB6 /* SIPiOSClient.app */ = {isa = PBXFileReference; explicitFileType = wrapper.application; includeInIndex = 0; path = SIPiOSClient.app; sourceTree = BUILT_PRODUCTS_DIR; };
		390DC4D4254AA45D00491EB6 /* AppDelegate.swift */ = {isa = PBXFileReference; lastKnownFileType = sourcecode.swift; path = AppDelegate.swift; sourceTree = "<group>"; };
		390DC4D6254AA45D00491EB6 /* SceneDelegate.swift */ = {isa = PBXFileReference; lastKnownFileType = sourcecode.swift; path = SceneDelegate.swift; sourceTree = "<group>"; };
		390DC4D8254AA45D00491EB6 /* ViewController.swift */ = {isa = PBXFileReference; lastKnownFileType = sourcecode.swift; path = ViewController.swift; sourceTree = "<group>"; };
		390DC4DB254AA45D00491EB6 /* Base */ = {isa = PBXFileReference; lastKnownFileType = file.storyboard; name = Base; path = Base.lproj/Main.storyboard; sourceTree = "<group>"; };
		390DC4DD254AA45F00491EB6 /* Assets.xcassets */ = {isa = PBXFileReference; lastKnownFileType = folder.assetcatalog; path = Assets.xcassets; sourceTree = "<group>"; };
		390DC4E0254AA45F00491EB6 /* Base */ = {isa = PBXFileReference; lastKnownFileType = file.storyboard; name = Base; path = Base.lproj/LaunchScreen.storyboard; sourceTree = "<group>"; };
		390DC4E2254AA45F00491EB6 /* Info.plist */ = {isa = PBXFileReference; lastKnownFileType = text.plist.xml; path = Info.plist; sourceTree = "<group>"; };
/* End PBXFileReference section */

/* Begin PBXFrameworksBuildPhase section */
		390DC4CE254AA45D00491EB6 /* Frameworks */ = {
			isa = PBXFrameworksBuildPhase;
			buildActionMask = 2147483647;
			files = (
			);
			runOnlyForDeploymentPostprocessing = 0;
		};
/* End PBXFrameworksBuildPhase section */

/* Begin PBXGroup section */
		390DC4C8254AA45D00491EB6 = {
			isa = PBXGroup;
			children = (
				390DC4D3254AA45D00491EB6 /* SIPiOSClient */,
				390DC4D2254AA45D00491EB6 /* Products */,
			);
			sourceTree = "<group>";
		};
		390DC4D2254AA45D00491EB6 /* Products */ = {
			isa = PBXGroup;
			children = (
				390DC4D1254AA45D00491EB6 /* SIPiOSClient.app */,
			);
			name = Products;
			sourceTree = "<group>";
		};
		390DC4D3254AA45D00491EB6 /* SIPiOSClient */ = {
			isa = PBXGroup;
			children = (
				390DC4D4254AA45D00491EB6 /* AppDelegate.swift */,
				390DC4D6254AA45D00491EB6 /* SceneDelegate.swift */,
				390DC4D8254AA45D00491EB6 /* ViewController.swift */,
				390DC4DA254AA45D00491EB6 /* Main.storyboard */,
				390DC4DD254AA45F00491EB6 /* Assets.xcassets */,
				390DC4DF254AA45F00491EB6 /* LaunchScreen.storyboard */,
				390DC4E2254AA45F00491EB6 /* Info.plist */,
			);
			path = SIPiOSClient;
			sourceTree = "<group>";
		};
/* End PBXGroup section */

/* Begin PBXNativeTarget section */
		390DC4D0254AA45D00491EB6 /* SIPiOSClient */ = {
			isa = PBXNativeTarget;
			buildConfigurationList = 390DC4E5254AA45F00491EB6 /* Build configuration list for PBXNativeTarget "SIPiOSClient" */;
			buildPhases = (
				390DC4CD254AA45D00491EB6 /* Sources */,
				390DC4CE254AA45D00491EB6 /* Frameworks */,
				390DC4CF254AA45D00491EB6 /* Resources */,
			);
			buildRules = (
			);
			dependencies = (
			);
			name = SIPiOSClient;
			productName = SIPiOSClient;
			productReference = 390DC4D1254AA45D00491EB6 /* SIPiOSClient.app */;
			productType = "com.apple.product-type.application";
		};
/* End PBXNativeTarget section */

/* Begin PBXProject section */
		390DC4C9254AA45D00491EB6 /* Project object */ = {
			isa = PBXProject;
			attributes = {
				LastSwiftUpdateCheck = 1210;
				LastUpgradeCheck = 1210;
				TargetAttributes = {
					390DC4D0254AA45D00491EB6 = {
						CreatedOnToolsVersion = 12.1;
					};
				};
			};
			buildConfigurationList = 390DC4CC254AA45D00491EB6 /* Build configuration list for PBXProject "SIPiOSClient" */;
			compatibilityVersion = "Xcode 9.3";
			developmentRegion = en;
			hasScannedForEncodings = 0;
			knownRegions = (
				en,
				Base,
			);
			mainGroup = 390DC4C8254AA45D00491EB6;
			productRefGroup = 390DC4D2254AA45D00491EB6 /* Products */;
			projectDirPath = "";
			projectRoot = "";
			targets = (
				390DC4D0254AA45D00491EB6 /* SIPiOSClient */,
			);
		};
/* End PBXProject section */

/* Begin PBXResourcesBuildPhase section */
		390DC4CF254AA45D00491EB6 /* Resources */ = {
			isa = PBXResourcesBuildPhase;
			buildActionMask = 2147483647;
			files = (
				390DC4E1254AA45F00491EB6 /* LaunchScreen.storyboard in Resources */,
				390DC4DE254AA45F00491EB6 /* Assets.xcassets in Resources */,
				390DC4DC254AA45D00491EB6 /* Main.storyboard in Resources */,
			);
			runOnlyForDeploymentPostprocessing = 0;
		};
/* End PBXResourcesBuildPhase section */

/* Begin PBXSourcesBuildPhase section */
		390DC4CD254AA45D00491EB6 /* Sources */ = {
			isa = PBXSourcesBuildPhase;
			buildActionMask = 2147483647;
			files = (
				390DC4D9254AA45D00491EB6 /* ViewController.swift in Sources */,
				390DC4D5254AA45D00491EB6 /* AppDelegate.swift in Sources */,
				390DC4D7254AA45D00491EB6 /* SceneDelegate.swift in Sources */,
			);
			runOnlyForDeploymentPostprocessing = 0;
		};
/* End PBXSourcesBuildPhase section */

/* Begin PBXVariantGroup section */
		390DC4DA254AA45D00491EB6 /* Main.storyboard */ = {
			isa = PBXVariantGroup;
			children = (
				390DC4DB254AA45D00491EB6 /* Base */,
			);
			name = Main.storyboard;
			sourceTree = "<group>";
		};
		390DC4DF254AA45F00491EB6 /* LaunchScreen.storyboard */ = {
			isa = PBXVariantGroup;
			children = (
				390DC4E0254AA45F00491EB6 /* Base */,
			);
			name = LaunchScreen.storyboard;
			sourceTree = "<group>";
		};
/* End PBXVariantGroup section */

/* Begin XCBuildConfiguration section */
		390DC4E3254AA45F00491EB6 /* Debug */ = {
			isa = XCBuildConfiguration;
			buildSettings = {
				ALWAYS_SEARCH_USER_PATHS = NO;
				CLANG_ANALYZER_NONNULL = YES;
				CLANG_ANALYZER_NUMBER_OBJECT_CONVERSION = YES_AGGRESSIVE;
				CLANG_CXX_LANGUAGE_STANDARD = "gnu++14";
				CLANG_CXX_LIBRARY = "libc++";
				CLANG_ENABLE_MODULES = YES;
				CLANG_ENABLE_OBJC_ARC = YES;
				CLANG_ENABLE_OBJC_WEAK = YES;
				CLANG_WARN_BLOCK_CAPTURE_AUTORELEASING = YES;
				CLANG_WARN_BOOL_CONVERSION = YES;
				CLANG_WARN_COMMA = YES;
				CLANG_WARN_CONSTANT_CONVERSION = YES;
				CLANG_WARN_DEPRECATED_OBJC_IMPLEMENTATIONS = YES;
				CLANG_WARN_DIRECT_OBJC_ISA_USAGE = YES_ERROR;
				CLANG_WARN_DOCUMENTATION_COMMENTS = YES;
				CLANG_WARN_EMPTY_BODY = YES;
				CLANG_WARN_ENUM_CONVERSION = YES;
				CLANG_WARN_INFINITE_RECURSION = YES;
				CLANG_WARN_INT_CONVERSION = YES;
				CLANG_WARN_NON_LITERAL_NULL_CONVERSION = YES;
				CLANG_WARN_OBJC_IMPLICIT_RETAIN_SELF = YES;
				CLANG_WARN_OBJC_LITERAL_CONVERSION = YES;
				CLANG_WARN_OBJC_ROOT_CLASS = YES_ERROR;
				CLANG_WARN_QUOTED_INCLUDE_IN_FRAMEWORK_HEADER = YES;
				CLANG_WARN_RANGE_LOOP_ANALYSIS = YES;
				CLANG_WARN_STRICT_PROTOTYPES = YES;
				CLANG_WARN_SUSPICIOUS_MOVE = YES;
				CLANG_WARN_UNGUARDED_AVAILABILITY = YES_AGGRESSIVE;
				CLANG_WARN_UNREACHABLE_CODE = YES;
				CLANG_WARN__DUPLICATE_METHOD_MATCH = YES;
				COPY_PHASE_STRIP = NO;
				DEBUG_INFORMATION_FORMAT = dwarf;
				ENABLE_STRICT_OBJC_MSGSEND = YES;
				ENABLE_TESTABILITY = YES;
				GCC_C_LANGUAGE_STANDARD = gnu11;
				GCC_DYNAMIC_NO_PIC = NO;
				GCC_NO_COMMON_BLOCKS = YES;
				GCC_OPTIMIZATION_LEVEL = 0;
				GCC_PREPROCESSOR_DEFINITIONS = (
					"DEBUG=1",
					"$(inherited)",
				);
				GCC_WARN_64_TO_32_BIT_CONVERSION = YES;
				GCC_WARN_ABOUT_RETURN_TYPE = YES_ERROR;
				GCC_WARN_UNDECLARED_SELECTOR = YES;
				GCC_WARN_UNINITIALIZED_AUTOS = YES_AGGRESSIVE;
				GCC_WARN_UNUSED_FUNCTION = YES;
				GCC_WARN_UNUSED_VARIABLE = YES;
				IPHONEOS_DEPLOYMENT_TARGET = 14.1;
				MTL_ENABLE_DEBUG_INFO = INCLUDE_SOURCE;
				MTL_FAST_MATH = YES;
				ONLY_ACTIVE_ARCH = YES;
				SDKROOT = iphoneos;
				SWIFT_ACTIVE_COMPILATION_CONDITIONS = DEBUG;
				SWIFT_OPTIMIZATION_LEVEL = "-Onone";
			};
			name = Debug;
		};
		390DC4E4254AA45F00491EB6 /* Release */ = {
			isa = XCBuildConfiguration;
			buildSettings = {
				ALWAYS_SEARCH_USER_PATHS = NO;
				CLANG_ANALYZER_NONNULL = YES;
				CLANG_ANALYZER_NUMBER_OBJECT_CONVERSION = YES_AGGRESSIVE;
				CLANG_CXX_LANGUAGE_STANDARD = "gnu++14";
				CLANG_CXX_LIBRARY = "libc++";
				CLANG_ENABLE_MODULES = YES;
				CLANG_ENABLE_OBJC_ARC = YES;
				CLANG_ENABLE_OBJC_WEAK = YES;
				CLANG_WARN_BLOCK_CAPTURE_AUTORELEASING = YES;
				CLANG_WARN_BOOL_CONVERSION = YES;
				CLANG_WARN_COMMA = YES;
				CLANG_WARN_CONSTANT_CONVERSION = YES;
				CLANG_WARN_DEPRECATED_OBJC_IMPLEMENTATIONS = YES;
				CLANG_WARN_DIRECT_OBJC_ISA_USAGE = YES_ERROR;
				CLANG_WARN_DOCUMENTATION_COMMENTS = YES;
				CLANG_WARN_EMPTY_BODY = YES;
				CLANG_WARN_ENUM_CONVERSION = YES;
				CLANG_WARN_INFINITE_RECURSION = YES;
				CLANG_WARN_INT_CONVERSION = YES;
				CLANG_WARN_NON_LITERAL_NULL_CONVERSION = YES;
				CLANG_WARN_OBJC_IMPLICIT_RETAIN_SELF = YES;
				CLANG_WARN_OBJC_LITERAL_CONVERSION = YES;
				CLANG_WARN_OBJC_ROOT_CLASS = YES_ERROR;
				CLANG_WARN_QUOTED_INCLUDE_IN_FRAMEWORK_HEADER = YES;
				CLANG_WARN_RANGE_LOOP_ANALYSIS = YES;
				CLANG_WARN_STRICT_PROTOTYPES = YES;
				CLANG_WARN_SUSPICIOUS_MOVE = YES;
				CLANG_WARN_UNGUARDED_AVAILABILITY = YES_AGGRESSIVE;
				CLANG_WARN_UNREACHABLE_CODE = YES;
				CLANG_WARN__DUPLICATE_METHOD_MATCH = YES;
				COPY_PHASE_STRIP = NO;
				DEBUG_INFORMATION_FORMAT = "dwarf-with-dsym";
				ENABLE_NS_ASSERTIONS = NO;
				ENABLE_STRICT_OBJC_MSGSEND = YES;
				GCC_C_LANGUAGE_STANDARD = gnu11;
				GCC_NO_COMMON_BLOCKS = YES;
				GCC_WARN_64_TO_32_BIT_CONVERSION = YES;
				GCC_WARN_ABOUT_RETURN_TYPE = YES_ERROR;
				GCC_WARN_UNDECLARED_SELECTOR = YES;
				GCC_WARN_UNINITIALIZED_AUTOS = YES_AGGRESSIVE;
				GCC_WARN_UNUSED_FUNCTION = YES;
				GCC_WARN_UNUSED_VARIABLE = YES;
				IPHONEOS_DEPLOYMENT_TARGET = 14.1;
				MTL_ENABLE_DEBUG_INFO = NO;
				MTL_FAST_MATH = YES;
				SDKROOT = iphoneos;
				SWIFT_COMPILATION_MODE = wholemodule;
				SWIFT_OPTIMIZATION_LEVEL = "-O";
				VALIDATE_PRODUCT = YES;
			};
			name = Release;
		};
		390DC4E6254AA45F00491EB6 /* Debug */ = {
			isa = XCBuildConfiguration;
			buildSettings = {
				ASSETCATALOG_COMPILER_APPICON_NAME = AppIcon;
				ASSETCATALOG_COMPILER_GLOBAL_ACCENT_COLOR_NAME = AccentColor;
				CODE_SIGN_STYLE = Automatic;
				DEVELOPMENT_TEAM = 49Z8YTUEVW;
				INFOPLIST_FILE = SIPiOSClient/Info.plist;
				LD_RUNPATH_SEARCH_PATHS = (
					"$(inherited)",
					"@executable_path/Frameworks",
				);
				PRODUCT_BUNDLE_IDENTIFIER = com.zealot109.SIPiOSClient;
				PRODUCT_NAME = "$(TARGET_NAME)";
				SWIFT_VERSION = 5.0;
				TARGETED_DEVICE_FAMILY = "1,2";
			};
			name = Debug;
		};
		390DC4E7254AA45F00491EB6 /* Release */ = {
			isa = XCBuildConfiguration;
			buildSettings = {
				ASSETCATALOG_COMPILER_APPICON_NAME = AppIcon;
				ASSETCATALOG_COMPILER_GLOBAL_ACCENT_COLOR_NAME = AccentColor;
				CODE_SIGN_STYLE = Automatic;
				DEVELOPMENT_TEAM = 49Z8YTUEVW;
				INFOPLIST_FILE = SIPiOSClient/Info.plist;
				LD_RUNPATH_SEARCH_PATHS = (
					"$(inherited)",
					"@executable_path/Frameworks",
				);
				PRODUCT_BUNDLE_IDENTIFIER = com.zealot109.SIPiOSClient;
				PRODUCT_NAME = "$(TARGET_NAME)";
				SWIFT_VERSION = 5.0;
				TARGETED_DEVICE_FAMILY = "1,2";
			};
			name = Release;
		};
/* End XCBuildConfiguration section */

/* Begin XCConfigurationList section */
		390DC4CC254AA45D00491EB6 /* Build configuration list for PBXProject "SIPiOSClient" */ = {
			isa = XCConfigurationList;
			buildConfigurations = (
				390DC4E3254AA45F00491EB6 /* Debug */,
				390DC4E4254AA45F00491EB6 /* Release */,
			);
			defaultConfigurationIsVisible = 0;
			defaultConfigurationName = Release;
		};
		390DC4E5254AA45F00491EB6 /* Build configuration list for PBXNativeTarget "SIPiOSClient" */ = {
			isa = XCConfigurationList;
			buildConfigurations = (
				390DC4E6254AA45F00491EB6 /* Debug */,
				390DC4E7254AA45F00491EB6 /* Release */,
			);
			defaultConfigurationIsVisible = 0;
			defaultConfigurationName = Release;
		};
/* End XCConfigurationList section */
	};
	rootObject = 390DC4C9254AA45D00491EB6 /* Project object */;
}
